
Microsoft Visual Studio Solution File, Format Version 12.00
# Visual Studio 14
VisualStudioVersion = 14.0.25123.0
MinimumVisualStudioVersion = 10.0.40219.1
Project("{FAE04EC0-301F-11D3-BF4B-00C04F79EFBC}") = "ConvexHull", "ArtyomsSolution\ConvexHull.csproj", "{FDBE9D29-FEF6-419C-B61D-E3F0086894FE}"
EndProject
Project("{FAE04EC0-301F-11D3-BF4B-00C04F79EFBC}") = "HDEquationSolving", "HDEquationSolving\HDEquationSolving.csproj", "{551C532C-6924-423F-B130-B6403086AAF0}"
EndProject
Global
	GlobalSection(SolutionConfigurationPlatforms) = preSolution
		Debug|Any CPU = Debug|Any CPU
		Release|Any CPU = Release|Any CPU
	EndGlobalSection
	GlobalSection(ProjectConfigurationPlatforms) = postSolution
		{FDBE9D29-FEF6-419C-B61D-E3F0086894FE}.Debug|Any CPU.ActiveCfg = Debug|Any CPU
		{FDBE9D29-FEF6-419C-B61D-E3F0086894FE}.Debug|Any CPU.Build.0 = Debug|Any CPU
		{FDBE9D29-FEF6-419C-B61D-E3F0086894FE}.Release|Any CPU.ActiveCfg = Release|Any CPU
		{FDBE9D29-FEF6-419C-B61D-E3F0086894FE}.Release|Any CPU.Build.0 = Release|Any CPU
		{551C532C-6924-423F-B130-B6403086AAF0}.Debug|Any CPU.ActiveCfg = Debug|Any CPU
		{551C532C-6924-423F-B130-B6403086AAF0}.Debug|Any CPU.Build.0 = Debug|Any CPU
		{551C532C-6924-423F-B130-B6403086AAF0}.Release|Any CPU.ActiveCfg = Release|Any CPU
		{551C532C-6924-423F-B130-B6403086AAF0}.Release|Any CPU.Build.0 = Release|Any CPU
	EndGlobalSection
	GlobalSection(SolutionProperties) = preSolution
		HideSolutionNode = FALSE
	EndGlobalSection
EndGlobal
